# THIS IS AN AUTOGENERATED FILE. DO NOT EDIT THIS FILE DIRECTLY.
# yarn lockfile v1


"@pqt/abbreviate@^1.0.2":
  version "1.0.2"
  resolved "https://registry.yarnpkg.com/@pqt/abbreviate/-/abbreviate-1.0.2.tgz#6ecae40bfdda0b544ad92d4def655889925bda0e"
  integrity sha512-i370TBVYaqDEvhxRjk8pyLLJ+FUUkkRQhXRndTjMYoPH+8YME2/+/T+7QEF/4Cyr/3qdZiBMicrsu8zIya3CPQ==

"@pqt/foreground@^1.0.3":
  version "1.0.3"
  resolved "https://registry.yarnpkg.com/@pqt/foreground/-/foreground-1.0.3.tgz#b2d1ece8c9af5974e5ec7e0bbfae67baf82167f1"
  integrity sha512-SRNW0kOBgXWGgwGDKK2nZTJ7rCKBLiidPEJcgKHBkp4TuYgwj9LPrZiFn820yzE7PNDWdLrQxFOniX/qbdeQ7w==

"@pqt/weighted-random@^1.0.0":
  version "1.0.0"
  resolved "https://registry.yarnpkg.com/@pqt/weighted-random/-/weighted-random-1.0.0.tgz#7119884ec28d015917757eaee1f4e1cfe7e8503c"
  integrity sha512-i8WPtnzOJ5l22DQtQy29gFWG5KaU9I4Kli/mMZCmaollzrbGxzr54lHC9sSW8Q+EqsOkn03Q74oXPumPd7oIqg==
